
Microsoft Visual Studio Solution File, Format Version 12.00
# Visual Studio 15
VisualStudioVersion = 15.0.28307.902
MinimumVisualStudioVersion = 10.0.40219.1
Project("{FAE04EC0-301F-11D3-BF4B-00C04F79EFBC}") = "CaroGame", "CaroGame\CaroGame.csproj", "{5DA5ACC5-2F68-45C3-8939-80AA268C103E}"
EndProject
Global
	GlobalSection(SolutionConfigurationPlatforms) = preSolution
		Debug|Any CPU = Debug|Any CPU
		Release|Any CPU = Release|Any CPU
	EndGlobalSection
	GlobalSection(ProjectConfigurationPlatforms) = postSolution
		{5DA5ACC5-2F68-45C3-8939-80AA268C103E}.Debug|Any CPU.ActiveCfg = Debug|Any CPU
		{5DA5ACC5-2F68-45C3-8939-80AA268C103E}.Debug|Any CPU.Build.0 = Debug|Any CPU
		{5DA5ACC5-2F68-45C3-8939-80AA268C103E}.Release|Any CPU.ActiveCfg = Release|Any CPU
		{5DA5ACC5-2F68-45C3-8939-80AA268C103E}.Release|Any CPU.Build.0 = Release|Any CPU
	EndGlobalSection
	GlobalSection(SolutionProperties) = preSolution
		HideSolutionNode = FALSE
	EndGlobalSection
	GlobalSection(ExtensibilityGlobals) = postSolution
		SolutionGuid = {41369A00-59FC-40CA-97A9-609A1C0FE11F}
	EndGlobalSection
EndGlobal
